
Microsoft Visual Studio Solution File, Format Version 12.00
# Visual Studio Version 16
VisualStudioVersion = 25.0.1704.0
MinimumVisualStudioVersion = 10.0.40219.1
Project("{FAE04EC0-301F-11D3-BF4B-00C04F79EFBC}") = "EmployeeManagementSystem", "EmployeeManagementSystem\EmployeeManagementSystem.csproj", "{9C75CB22-D2E6-4257-A4AF-D8DE3D769FE6}"
EndProject
Global
	GlobalSection(SolutionConfigurationPlatforms) = preSolution
		Debug|Any CPU = Debug|Any CPU
		Release|Any CPU = Release|Any CPU
	EndGlobalSection
	GlobalSection(ProjectConfigurationPlatforms) = postSolution
		{9C75CB22-D2E6-4257-A4AF-D8DE3D769FE6}.Debug|Any CPU.ActiveCfg = Debug|Any CPU
		{9C75CB22-D2E6-4257-A4AF-D8DE3D769FE6}.Debug|Any CPU.Build.0 = Debug|Any CPU
		{9C75CB22-D2E6-4257-A4AF-D8DE3D769FE6}.Release|Any CPU.ActiveCfg = Release|Any CPU
		{9C75CB22-D2E6-4257-A4AF-D8DE3D769FE6}.Release|Any CPU.Build.0 = Release|Any CPU
	EndGlobalSection
	GlobalSection(SolutionProperties) = preSolution
		HideSolutionNode = FALSE
	EndGlobalSection
	GlobalSection(ExtensibilityGlobals) = postSolution
		SolutionGuid = {103553AA-A81E-4EA9-877E-4314D8AE19A6}
	EndGlobalSection
EndGlobal
